
Microsoft Visual Studio Solution File, Format Version 12.00
# Visual Studio Version 16
VisualStudioVersion = 16.0.30309.148
MinimumVisualStudioVersion = 10.0.40219.1
Project("{FAE04EC0-301F-11D3-BF4B-00C04F79EFBC}") = "FamilyDictionary", "FamilyDictionary\FamilyDictionary.csproj", "{33037C3E-0158-40D7-BEA3-D28B62F7795A}"
EndProject
Global
	GlobalSection(SolutionConfigurationPlatforms) = preSolution
		Debug|Any CPU = Debug|Any CPU
		Release|Any CPU = Release|Any CPU
	EndGlobalSection
	GlobalSection(ProjectConfigurationPlatforms) = postSolution
		{33037C3E-0158-40D7-BEA3-D28B62F7795A}.Debug|Any CPU.ActiveCfg = Debug|Any CPU
		{33037C3E-0158-40D7-BEA3-D28B62F7795A}.Debug|Any CPU.Build.0 = Debug|Any CPU
		{33037C3E-0158-40D7-BEA3-D28B62F7795A}.Release|Any CPU.ActiveCfg = Release|Any CPU
		{33037C3E-0158-40D7-BEA3-D28B62F7795A}.Release|Any CPU.Build.0 = Release|Any CPU
	EndGlobalSection
	GlobalSection(SolutionProperties) = preSolution
		HideSolutionNode = FALSE
	EndGlobalSection
	GlobalSection(ExtensibilityGlobals) = postSolution
		SolutionGuid = {87EC8F2C-30AC-4193-8FD2-EFBC97578CAB}
	EndGlobalSection
EndGlobal
